
Microsoft Visual Studio Solution File, Format Version 12.00
# Visual Studio Version 16
VisualStudioVersion = 16.0.31005.135
MinimumVisualStudioVersion = 10.0.40219.1
Project("{F2A71F9B-5D33-465A-A702-920D77279786}") = "AtCoderProblemsFSharp", "AtCoderProblemsFSharp\AtCoderProblemsFSharp.fsproj", "{ED02A1D7-DF98-416F-8231-BD743D93B893}"
EndProject
Project("{FAE04EC0-301F-11D3-BF4B-00C04F79EFBC}") = "AtCoderProblemsCSharp", "AtCoderProblemsCSharp\AtCoderProblemsCSharp.csproj", "{401B6AC6-469A-437C-AAD2-1A4D6FD3728D}"
EndProject
Project("{2150E333-8FDC-42A3-9474-1A3956D46DE8}") = "AtCoderProblemsRust", "AtCoderProblemsRust", "{89A7FD19-EB7D-4082-A92A-338B4C86FF6C}"
	ProjectSection(SolutionItems) = preProject
		A178.rs = A178.rs
	EndProjectSection
EndProject
Global
	GlobalSection(SolutionConfigurationPlatforms) = preSolution
		Debug|Any CPU = Debug|Any CPU
		Release|Any CPU = Release|Any CPU
	EndGlobalSection
	GlobalSection(ProjectConfigurationPlatforms) = postSolution
		{ED02A1D7-DF98-416F-8231-BD743D93B893}.Debug|Any CPU.ActiveCfg = Debug|Any CPU
		{ED02A1D7-DF98-416F-8231-BD743D93B893}.Debug|Any CPU.Build.0 = Debug|Any CPU
		{ED02A1D7-DF98-416F-8231-BD743D93B893}.Release|Any CPU.ActiveCfg = Release|Any CPU
		{ED02A1D7-DF98-416F-8231-BD743D93B893}.Release|Any CPU.Build.0 = Release|Any CPU
		{401B6AC6-469A-437C-AAD2-1A4D6FD3728D}.Debug|Any CPU.ActiveCfg = Debug|Any CPU
		{401B6AC6-469A-437C-AAD2-1A4D6FD3728D}.Debug|Any CPU.Build.0 = Debug|Any CPU
		{401B6AC6-469A-437C-AAD2-1A4D6FD3728D}.Release|Any CPU.ActiveCfg = Release|Any CPU
		{401B6AC6-469A-437C-AAD2-1A4D6FD3728D}.Release|Any CPU.Build.0 = Release|Any CPU
	EndGlobalSection
	GlobalSection(SolutionProperties) = preSolution
		HideSolutionNode = FALSE
	EndGlobalSection
	GlobalSection(ExtensibilityGlobals) = postSolution
		SolutionGuid = {8444065B-BC06-481F-8979-BEF4B0554B58}
	EndGlobalSection
EndGlobal
